
Microsoft Visual Studio Solution File, Format Version 12.00
# Visual Studio Version 16
VisualStudioVersion = 16.0.31112.23
MinimumVisualStudioVersion = 10.0.40219.1
Project("{FAE04EC0-301F-11D3-BF4B-00C04F79EFBC}") = "IntroToEF", "IntroToEF\IntroToEF.csproj", "{11316E7B-CAD0-40B8-85D4-FCAF1B192FA2}"
EndProject
Project("{FAE04EC0-301F-11D3-BF4B-00C04F79EFBC}") = "IntroToEF.Data", "IntroToEF.Data\IntroToEF.Data.csproj", "{B71629EC-9B7E-478C-B842-E71F0EBA9A89}"
EndProject
Global
	GlobalSection(SolutionConfigurationPlatforms) = preSolution
		Debug|Any CPU = Debug|Any CPU
		Release|Any CPU = Release|Any CPU
	EndGlobalSection
	GlobalSection(ProjectConfigurationPlatforms) = postSolution
		{11316E7B-CAD0-40B8-85D4-FCAF1B192FA2}.Debug|Any CPU.ActiveCfg = Debug|Any CPU
		{11316E7B-CAD0-40B8-85D4-FCAF1B192FA2}.Debug|Any CPU.Build.0 = Debug|Any CPU
		{11316E7B-CAD0-40B8-85D4-FCAF1B192FA2}.Release|Any CPU.ActiveCfg = Release|Any CPU
		{11316E7B-CAD0-40B8-85D4-FCAF1B192FA2}.Release|Any CPU.Build.0 = Release|Any CPU
		{B71629EC-9B7E-478C-B842-E71F0EBA9A89}.Debug|Any CPU.ActiveCfg = Debug|Any CPU
		{B71629EC-9B7E-478C-B842-E71F0EBA9A89}.Debug|Any CPU.Build.0 = Debug|Any CPU
		{B71629EC-9B7E-478C-B842-E71F0EBA9A89}.Release|Any CPU.ActiveCfg = Release|Any CPU
		{B71629EC-9B7E-478C-B842-E71F0EBA9A89}.Release|Any CPU.Build.0 = Release|Any CPU
	EndGlobalSection
	GlobalSection(SolutionProperties) = preSolution
		HideSolutionNode = FALSE
	EndGlobalSection
	GlobalSection(ExtensibilityGlobals) = postSolution
		SolutionGuid = {D6FB461C-7DC5-4FC3-8B95-68F05342D5F5}
	EndGlobalSection
EndGlobal
